
Microsoft Visual Studio Solution File, Format Version 12.00
# Visual Studio Version 16
VisualStudioVersion = 16.0.31129.286
MinimumVisualStudioVersion = 10.0.40219.1
Project("{FAE04EC0-301F-11D3-BF4B-00C04F79EFBC}") = "TestApp.Android", "TestApp.Android\TestApp.Android.csproj", "{14BA5C9B-1BFD-478D-BDA4-4AFE5BDD463D}"
EndProject
Project("{FAE04EC0-301F-11D3-BF4B-00C04F79EFBC}") = "TestApp.iOS", "TestApp.iOS\TestApp.iOS.csproj", "{49CAAE25-EB69-4044-BABA-2FE755E36851}"
EndProject
Project("{9A19103F-16F7-4668-BE54-9A1E7A4F7556}") = "TestApp", "TestApp\TestApp.csproj", "{6CA69107-5A71-414B-93F7-DACD10B13544}"
EndProject
Project("{FAE04EC0-301F-11D3-BF4B-00C04F79EFBC}") = "ATHMovil.PurchaseSDK", "..\Source\ATHMovil.PurchaseSDK\ATHMovil.PurchaseSDK.csproj", "{AFD0AA62-8BFF-47F0-B6A1-FFC2EDE37712}"
EndProject
Global
	GlobalSection(SolutionConfigurationPlatforms) = preSolution
		Debug|Any CPU = Debug|Any CPU
		Debug|iPhone = Debug|iPhone
		Debug|iPhoneSimulator = Debug|iPhoneSimulator
		Release|Any CPU = Release|Any CPU
		Release|iPhone = Release|iPhone
		Release|iPhoneSimulator = Release|iPhoneSimulator
	EndGlobalSection
	GlobalSection(ProjectConfigurationPlatforms) = postSolution
		{14BA5C9B-1BFD-478D-BDA4-4AFE5BDD463D}.Debug|Any CPU.ActiveCfg = Debug|Any CPU
		{14BA5C9B-1BFD-478D-BDA4-4AFE5BDD463D}.Debug|Any CPU.Build.0 = Debug|Any CPU
		{14BA5C9B-1BFD-478D-BDA4-4AFE5BDD463D}.Debug|Any CPU.Deploy.0 = Debug|Any CPU
		{14BA5C9B-1BFD-478D-BDA4-4AFE5BDD463D}.Debug|iPhone.ActiveCfg = Debug|Any CPU
		{14BA5C9B-1BFD-478D-BDA4-4AFE5BDD463D}.Debug|iPhone.Build.0 = Debug|Any CPU
		{14BA5C9B-1BFD-478D-BDA4-4AFE5BDD463D}.Debug|iPhone.Deploy.0 = Debug|Any CPU
		{14BA5C9B-1BFD-478D-BDA4-4AFE5BDD463D}.Debug|iPhoneSimulator.ActiveCfg = Debug|Any CPU
		{14BA5C9B-1BFD-478D-BDA4-4AFE5BDD463D}.Debug|iPhoneSimulator.Build.0 = Debug|Any CPU
		{14BA5C9B-1BFD-478D-BDA4-4AFE5BDD463D}.Debug|iPhoneSimulator.Deploy.0 = Debug|Any CPU
		{14BA5C9B-1BFD-478D-BDA4-4AFE5BDD463D}.Release|Any CPU.ActiveCfg = Release|Any CPU
		{14BA5C9B-1BFD-478D-BDA4-4AFE5BDD463D}.Release|Any CPU.Build.0 = Release|Any CPU
		{14BA5C9B-1BFD-478D-BDA4-4AFE5BDD463D}.Release|Any CPU.Deploy.0 = Release|Any CPU
		{14BA5C9B-1BFD-478D-BDA4-4AFE5BDD463D}.Release|iPhone.ActiveCfg = Release|Any CPU
		{14BA5C9B-1BFD-478D-BDA4-4AFE5BDD463D}.Release|iPhone.Build.0 = Release|Any CPU
		{14BA5C9B-1BFD-478D-BDA4-4AFE5BDD463D}.Release|iPhone.Deploy.0 = Release|Any CPU
		{14BA5C9B-1BFD-478D-BDA4-4AFE5BDD463D}.Release|iPhoneSimulator.ActiveCfg = Release|Any CPU
		{14BA5C9B-1BFD-478D-BDA4-4AFE5BDD463D}.Release|iPhoneSimulator.Build.0 = Release|Any CPU
		{14BA5C9B-1BFD-478D-BDA4-4AFE5BDD463D}.Release|iPhoneSimulator.Deploy.0 = Release|Any CPU
		{49CAAE25-EB69-4044-BABA-2FE755E36851}.Debug|Any CPU.ActiveCfg = Debug|Any CPU
		{49CAAE25-EB69-4044-BABA-2FE755E36851}.Debug|Any CPU.Build.0 = Debug|Any CPU
		{49CAAE25-EB69-4044-BABA-2FE755E36851}.Debug|Any CPU.Deploy.0 = Debug|Any CPU
		{49CAAE25-EB69-4044-BABA-2FE755E36851}.Debug|iPhone.ActiveCfg = Debug|iPhone
		{49CAAE25-EB69-4044-BABA-2FE755E36851}.Debug|iPhone.Build.0 = Debug|iPhone
		{49CAAE25-EB69-4044-BABA-2FE755E36851}.Debug|iPhone.Deploy.0 = Debug|iPhone
		{49CAAE25-EB69-4044-BABA-2FE755E36851}.Debug|iPhoneSimulator.ActiveCfg = Debug|iPhoneSimulator
		{49CAAE25-EB69-4044-BABA-2FE755E36851}.Debug|iPhoneSimulator.Build.0 = Debug|iPhoneSimulator
		{49CAAE25-EB69-4044-BABA-2FE755E36851}.Debug|iPhoneSimulator.Deploy.0 = Debug|iPhoneSimulator
		{49CAAE25-EB69-4044-BABA-2FE755E36851}.Release|Any CPU.ActiveCfg = Release|iPhoneSimulator
		{49CAAE25-EB69-4044-BABA-2FE755E36851}.Release|Any CPU.Build.0 = Release|iPhoneSimulator
		{49CAAE25-EB69-4044-BABA-2FE755E36851}.Release|Any CPU.Deploy.0 = Release|iPhoneSimulator
		{49CAAE25-EB69-4044-BABA-2FE755E36851}.Release|iPhone.ActiveCfg = Release|iPhone
		{49CAAE25-EB69-4044-BABA-2FE755E36851}.Release|iPhone.Build.0 = Release|iPhone
		{49CAAE25-EB69-4044-BABA-2FE755E36851}.Release|iPhone.Deploy.0 = Release|iPhone
		{49CAAE25-EB69-4044-BABA-2FE755E36851}.Release|iPhoneSimulator.ActiveCfg = Release|iPhoneSimulator
		{49CAAE25-EB69-4044-BABA-2FE755E36851}.Release|iPhoneSimulator.Build.0 = Release|iPhoneSimulator
		{49CAAE25-EB69-4044-BABA-2FE755E36851}.Release|iPhoneSimulator.Deploy.0 = Release|iPhoneSimulator
		{6CA69107-5A71-414B-93F7-DACD10B13544}.Debug|Any CPU.ActiveCfg = Debug|Any CPU
		{6CA69107-5A71-414B-93F7-DACD10B13544}.Debug|Any CPU.Build.0 = Debug|Any CPU
		{6CA69107-5A71-414B-93F7-DACD10B13544}.Debug|Any CPU.Deploy.0 = Debug|Any CPU
		{6CA69107-5A71-414B-93F7-DACD10B13544}.Debug|iPhone.ActiveCfg = Debug|Any CPU
		{6CA69107-5A71-414B-93F7-DACD10B13544}.Debug|iPhone.Build.0 = Debug|Any CPU
		{6CA69107-5A71-414B-93F7-DACD10B13544}.Debug|iPhone.Deploy.0 = Debug|Any CPU
		{6CA69107-5A71-414B-93F7-DACD10B13544}.Debug|iPhoneSimulator.ActiveCfg = Debug|Any CPU
		{6CA69107-5A71-414B-93F7-DACD10B13544}.Debug|iPhoneSimulator.Build.0 = Debug|Any CPU
		{6CA69107-5A71-414B-93F7-DACD10B13544}.Debug|iPhoneSimulator.Deploy.0 = Debug|Any CPU
		{6CA69107-5A71-414B-93F7-DACD10B13544}.Release|Any CPU.ActiveCfg = Release|Any CPU
		{6CA69107-5A71-414B-93F7-DACD10B13544}.Release|Any CPU.Build.0 = Release|Any CPU
		{6CA69107-5A71-414B-93F7-DACD10B13544}.Release|Any CPU.Deploy.0 = Release|Any CPU
		{6CA69107-5A71-414B-93F7-DACD10B13544}.Release|iPhone.ActiveCfg = Release|Any CPU
		{6CA69107-5A71-414B-93F7-DACD10B13544}.Release|iPhone.Build.0 = Release|Any CPU
		{6CA69107-5A71-414B-93F7-DACD10B13544}.Release|iPhone.Deploy.0 = Release|Any CPU
		{6CA69107-5A71-414B-93F7-DACD10B13544}.Release|iPhoneSimulator.ActiveCfg = Release|Any CPU
		{6CA69107-5A71-414B-93F7-DACD10B13544}.Release|iPhoneSimulator.Build.0 = Release|Any CPU
		{6CA69107-5A71-414B-93F7-DACD10B13544}.Release|iPhoneSimulator.Deploy.0 = Release|Any CPU
		{AFD0AA62-8BFF-47F0-B6A1-FFC2EDE37712}.Debug|Any CPU.ActiveCfg = Debug|Any CPU
		{AFD0AA62-8BFF-47F0-B6A1-FFC2EDE37712}.Debug|Any CPU.Build.0 = Debug|Any CPU
		{AFD0AA62-8BFF-47F0-B6A1-FFC2EDE37712}.Debug|iPhone.ActiveCfg = Debug|Any CPU
		{AFD0AA62-8BFF-47F0-B6A1-FFC2EDE37712}.Debug|iPhone.Build.0 = Debug|Any CPU
		{AFD0AA62-8BFF-47F0-B6A1-FFC2EDE37712}.Debug|iPhoneSimulator.ActiveCfg = Debug|Any CPU
		{AFD0AA62-8BFF-47F0-B6A1-FFC2EDE37712}.Debug|iPhoneSimulator.Build.0 = Debug|Any CPU
		{AFD0AA62-8BFF-47F0-B6A1-FFC2EDE37712}.Release|Any CPU.ActiveCfg = Release|Any CPU
		{AFD0AA62-8BFF-47F0-B6A1-FFC2EDE37712}.Release|Any CPU.Build.0 = Release|Any CPU
		{AFD0AA62-8BFF-47F0-B6A1-FFC2EDE37712}.Release|iPhone.ActiveCfg = Release|Any CPU
		{AFD0AA62-8BFF-47F0-B6A1-FFC2EDE37712}.Release|iPhone.Build.0 = Release|Any CPU
		{AFD0AA62-8BFF-47F0-B6A1-FFC2EDE37712}.Release|iPhoneSimulator.ActiveCfg = Release|Any CPU
		{AFD0AA62-8BFF-47F0-B6A1-FFC2EDE37712}.Release|iPhoneSimulator.Build.0 = Release|Any CPU
	EndGlobalSection
	GlobalSection(SolutionProperties) = preSolution
		HideSolutionNode = FALSE
	EndGlobalSection
	GlobalSection(ExtensibilityGlobals) = postSolution
		SolutionGuid = {D407BD27-75FB-4089-9E12-24DBAA5490B3}
	EndGlobalSection
	GlobalSection(NestedProjects) = preSolution
	EndGlobalSection
	GlobalSection(MonoDevelopProperties) = preSolution
		Policies = $0
		$0.DotNetNamingPolicy = $1
		$1.DirectoryNamespaceAssociation = PrefixedHierarchical
	EndGlobalSection
EndGlobal
