
Microsoft Visual Studio Solution File, Format Version 12.00
# Visual Studio Version 16
VisualStudioVersion = 16.0.809.4
MinimumVisualStudioVersion = 10.0.40219.1
Project("{FAE04EC0-301F-11D3-BF4B-00C04F79EFBC}") = "ATHMovil.PurchaseSDK", "ATHMovil.PurchaseSDK\ATHMovil.PurchaseSDK.csproj", "{B2DC7DD1-CDCF-4E22-8A0D-FAE3B814F703}"
EndProject
Global
	GlobalSection(SolutionConfigurationPlatforms) = preSolution
		Debug|Any CPU = Debug|Any CPU
		Release|Any CPU = Release|Any CPU
	EndGlobalSection
	GlobalSection(ProjectConfigurationPlatforms) = postSolution
		{B2DC7DD1-CDCF-4E22-8A0D-FAE3B814F703}.Debug|Any CPU.ActiveCfg = Debug|Any CPU
		{B2DC7DD1-CDCF-4E22-8A0D-FAE3B814F703}.Debug|Any CPU.Build.0 = Debug|Any CPU
		{B2DC7DD1-CDCF-4E22-8A0D-FAE3B814F703}.Release|Any CPU.ActiveCfg = Release|Any CPU
		{B2DC7DD1-CDCF-4E22-8A0D-FAE3B814F703}.Release|Any CPU.Build.0 = Release|Any CPU
	EndGlobalSection
	GlobalSection(SolutionProperties) = preSolution
		HideSolutionNode = FALSE
	EndGlobalSection
	GlobalSection(ExtensibilityGlobals) = postSolution
		SolutionGuid = {4D2A64EF-E580-429F-9A0C-244552403891}
	EndGlobalSection
EndGlobal
